
Microsoft Visual Studio Solution File, Format Version 11.00
# Visual Studio 2010
Project("{FAE04EC0-301F-11D3-BF4B-00C04F79EFBC}") = "Pathogenesis", "Pathogenesis\Pathogenesis\Pathogenesis.csproj", "{C72122AB-B46C-470E-B3AF-8D04D64F5535}"
EndProject
Project("{96E2B04D-8817-42C6-938A-82C39BA4D311}") = "PathogenesisContent", "Pathogenesis\PathogenesisContent\PathogenesisContent.contentproj", "{0B788B43-3E5C-4D78-96F7-3C70E7AAF7C9}"
EndProject
Global
	GlobalSection(SolutionConfigurationPlatforms) = preSolution
		Debug|x86 = Debug|x86
		Release|x86 = Release|x86
	EndGlobalSection
	GlobalSection(ProjectConfigurationPlatforms) = postSolution
		{C72122AB-B46C-470E-B3AF-8D04D64F5535}.Debug|x86.ActiveCfg = Debug|x86
		{C72122AB-B46C-470E-B3AF-8D04D64F5535}.Debug|x86.Build.0 = Debug|x86
		{C72122AB-B46C-470E-B3AF-8D04D64F5535}.Release|x86.ActiveCfg = Release|x86
		{C72122AB-B46C-470E-B3AF-8D04D64F5535}.Release|x86.Build.0 = Release|x86
		{0B788B43-3E5C-4D78-96F7-3C70E7AAF7C9}.Debug|x86.ActiveCfg = Debug|x86
		{0B788B43-3E5C-4D78-96F7-3C70E7AAF7C9}.Release|x86.ActiveCfg = Release|x86
	EndGlobalSection
	GlobalSection(SolutionProperties) = preSolution
		HideSolutionNode = FALSE
	EndGlobalSection
EndGlobal
